
Microsoft Visual Studio Solution File, Format Version 12.00
# Visual Studio Version 16
VisualStudioVersion = 16.0.29009.5
MinimumVisualStudioVersion = 10.0.40219.1
Project("{FAE04EC0-301F-11D3-BF4B-00C04F79EFBC}") = "KordonMedyaSonHali", "KordonMedyaSonHali\KordonMedyaSonHali.csproj", "{64017883-3AE2-40CE-83E2-072CBE6CA9EC}"
EndProject
Global
	GlobalSection(SolutionConfigurationPlatforms) = preSolution
		Debug|Any CPU = Debug|Any CPU
		Release|Any CPU = Release|Any CPU
	EndGlobalSection
	GlobalSection(ProjectConfigurationPlatforms) = postSolution
		{64017883-3AE2-40CE-83E2-072CBE6CA9EC}.Debug|Any CPU.ActiveCfg = Debug|Any CPU
		{64017883-3AE2-40CE-83E2-072CBE6CA9EC}.Debug|Any CPU.Build.0 = Debug|Any CPU
		{64017883-3AE2-40CE-83E2-072CBE6CA9EC}.Release|Any CPU.ActiveCfg = Release|Any CPU
		{64017883-3AE2-40CE-83E2-072CBE6CA9EC}.Release|Any CPU.Build.0 = Release|Any CPU
	EndGlobalSection
	GlobalSection(SolutionProperties) = preSolution
		HideSolutionNode = FALSE
	EndGlobalSection
	GlobalSection(ExtensibilityGlobals) = postSolution
		SolutionGuid = {0ECF71D1-58FB-4D53-BA2C-8FCE19771099}
	EndGlobalSection
EndGlobal
